
Microsoft Visual Studio Solution File, Format Version 12.00
# Visual Studio Version 16
VisualStudioVersion = 16.0.31729.503
MinimumVisualStudioVersion = 10.0.40219.1
Project("{FAE04EC0-301F-11D3-BF4B-00C04F79EFBC}") = "Project car racing", "Project car racing\Project car racing.csproj", "{D753B8A7-4167-4B92-9174-0BC45B518C6F}"
EndProject
Global
	GlobalSection(SolutionConfigurationPlatforms) = preSolution
		Debug|Any CPU = Debug|Any CPU
		Release|Any CPU = Release|Any CPU
	EndGlobalSection
	GlobalSection(ProjectConfigurationPlatforms) = postSolution
		{D753B8A7-4167-4B92-9174-0BC45B518C6F}.Debug|Any CPU.ActiveCfg = Debug|Any CPU
		{D753B8A7-4167-4B92-9174-0BC45B518C6F}.Debug|Any CPU.Build.0 = Debug|Any CPU
		{D753B8A7-4167-4B92-9174-0BC45B518C6F}.Release|Any CPU.ActiveCfg = Release|Any CPU
		{D753B8A7-4167-4B92-9174-0BC45B518C6F}.Release|Any CPU.Build.0 = Release|Any CPU
	EndGlobalSection
	GlobalSection(SolutionProperties) = preSolution
		HideSolutionNode = FALSE
	EndGlobalSection
	GlobalSection(ExtensibilityGlobals) = postSolution
		SolutionGuid = {95AD0B73-4D06-46FB-86AE-66D60BDFD271}
	EndGlobalSection
EndGlobal
